{
  "nodes": {
    "home-manager": {
      "inputs": {
        "nixpkgs": [
          "nixpkgs"
        ]
      },
      "locked": {
        "lastModified": 1787377438,
        "narHash": "sha256-Sxu1NLTD/Ern6hFGLlZmtKCSct3YQXZI/lls8RE1XeM=",
        "owner": "nix-community",
        "repo": "home-manager",
        "rev": "65258d5c65a250189fde2e35f490d15e064c4c62",
        "type": "github"
      },
      "original": {
        "owner": "nix-community",
        "ref": "release-26.05",
        "repo": "home-manager",
        "type": "github"
      }
    },
    "nixpkgs": {
      "locked": {
        "lastModified": 1788187754,
        "narHash": "sha256-bu1QxmXKmPuvBLN7bHP355OV9Qo13x9WCiRDH62CqRM=",
        "owner": "nixos",
        "repo": "nixpkgs",
        "rev": "5dfba6236110080a54247d6460bc2ff5dda939cc",
        "type": "github"
      },
      "original": {
        "owner": "nixos",
        "ref": "nixos-26.05",
        "repo": "nixpkgs",
        "type": "github"
      }
    },
    "noctalia": {
      "inputs": {
        "nixpkgs": [
          "nixpkgs"
        ]
      },
      "locked": {
        "lastModified": 1788352174,
        "narHash": "sha256-bc/eYR1E6g4DEccF0/9nEBRy+yQRZbOHPwuHiOpsO6I=",
        "owner": "noctalia-dev",
        "repo": "noctalia",
        "rev": "524bfbaf6530758340f6ed2f673b268dbb3dfb07",
        "type": "github"
      },
      "original": {
        "owner": "noctalia-dev",
        "repo": "noctalia",
        "type": "github"
      }
    },
    "root": {
      "inputs": {
        "home-manager": "home-manager",
        "nixpkgs": "nixpkgs",
        "noctalia": "noctalia"
      }
    }
  },
  "root": "root",
  "version": 7
}
